
Microsoft Visual Studio Solution File, Format Version 12.00
# Visual Studio Version 17
VisualStudioVersion = 17.4.33205.214
MinimumVisualStudioVersion = 10.0.40219.1
Project("{FAE04EC0-301F-11D3-BF4B-00C04F79EFBC}") = "WeatherApp.UWP", "WeatherApp\WeatherApp.UWP\WeatherApp.UWP.csproj", "{0BC5CBE9-A165-4477-853A-7D2FFB7F95BC}"
EndProject
Project("{FAE04EC0-301F-11D3-BF4B-00C04F79EFBC}") = "WeatherApp.Android", "WeatherApp\WeatherApp.Android\WeatherApp.Android.csproj", "{E9AF28DA-891B-4449-AB33-5CBB0C18BF11}"
EndProject
Project("{FAE04EC0-301F-11D3-BF4B-00C04F79EFBC}") = "WeatherApp.iOS", "WeatherApp\WeatherApp.iOS\WeatherApp.iOS.csproj", "{F8696844-95D8-47EB-B919-BDD4B01BBA35}"
EndProject
Project("{FAE04EC0-301F-11D3-BF4B-00C04F79EFBC}") = "WeatherApp", "WeatherApp\WeatherApp\WeatherApp.csproj", "{A2D1C309-C0C0-41A9-809A-E4BB90EA3671}"
EndProject
Global
	GlobalSection(SolutionConfigurationPlatforms) = preSolution
		Debug|Any CPU = Debug|Any CPU
		Debug|ARM = Debug|ARM
		Debug|iPhone = Debug|iPhone
		Debug|iPhoneSimulator = Debug|iPhoneSimulator
		Debug|x64 = Debug|x64
		Debug|x86 = Debug|x86
		Release|Any CPU = Release|Any CPU
		Release|ARM = Release|ARM
		Release|iPhone = Release|iPhone
		Release|iPhoneSimulator = Release|iPhoneSimulator
		Release|x64 = Release|x64
		Release|x86 = Release|x86
	EndGlobalSection
	GlobalSection(ProjectConfigurationPlatforms) = postSolution
		{0BC5CBE9-A165-4477-853A-7D2FFB7F95BC}.Debug|Any CPU.ActiveCfg = Debug|x64
		{0BC5CBE9-A165-4477-853A-7D2FFB7F95BC}.Debug|Any CPU.Build.0 = Debug|x64
		{0BC5CBE9-A165-4477-853A-7D2FFB7F95BC}.Debug|Any CPU.Deploy.0 = Debug|x64
		{0BC5CBE9-A165-4477-853A-7D2FFB7F95BC}.Debug|ARM.ActiveCfg = Debug|ARM
		{0BC5CBE9-A165-4477-853A-7D2FFB7F95BC}.Debug|ARM.Build.0 = Debug|ARM
		{0BC5CBE9-A165-4477-853A-7D2FFB7F95BC}.Debug|ARM.Deploy.0 = Debug|ARM
		{0BC5CBE9-A165-4477-853A-7D2FFB7F95BC}.Debug|iPhone.ActiveCfg = Debug|x64
		{0BC5CBE9-A165-4477-853A-7D2FFB7F95BC}.Debug|iPhone.Build.0 = Debug|x64
		{0BC5CBE9-A165-4477-853A-7D2FFB7F95BC}.Debug|iPhone.Deploy.0 = Debug|x64
		{0BC5CBE9-A165-4477-853A-7D2FFB7F95BC}.Debug|iPhoneSimulator.ActiveCfg = Debug|x64
		{0BC5CBE9-A165-4477-853A-7D2FFB7F95BC}.Debug|iPhoneSimulator.Build.0 = Debug|x64
		{0BC5CBE9-A165-4477-853A-7D2FFB7F95BC}.Debug|iPhoneSimulator.Deploy.0 = Debug|x64
		{0BC5CBE9-A165-4477-853A-7D2FFB7F95BC}.Debug|x64.ActiveCfg = Debug|x64
		{0BC5CBE9-A165-4477-853A-7D2FFB7F95BC}.Debug|x64.Build.0 = Debug|x64
		{0BC5CBE9-A165-4477-853A-7D2FFB7F95BC}.Debug|x64.Deploy.0 = Debug|x64
		{0BC5CBE9-A165-4477-853A-7D2FFB7F95BC}.Debug|x86.ActiveCfg = Debug|x86
		{0BC5CBE9-A165-4477-853A-7D2FFB7F95BC}.Debug|x86.Build.0 = Debug|x86
		{0BC5CBE9-A165-4477-853A-7D2FFB7F95BC}.Debug|x86.Deploy.0 = Debug|x86
		{0BC5CBE9-A165-4477-853A-7D2FFB7F95BC}.Release|Any CPU.ActiveCfg = Release|x64
		{0BC5CBE9-A165-4477-853A-7D2FFB7F95BC}.Release|Any CPU.Build.0 = Release|x64
		{0BC5CBE9-A165-4477-853A-7D2FFB7F95BC}.Release|Any CPU.Deploy.0 = Release|x64
		{0BC5CBE9-A165-4477-853A-7D2FFB7F95BC}.Release|ARM.ActiveCfg = Release|ARM
		{0BC5CBE9-A165-4477-853A-7D2FFB7F95BC}.Release|ARM.Build.0 = Release|ARM
		{0BC5CBE9-A165-4477-853A-7D2FFB7F95BC}.Release|ARM.Deploy.0 = Release|ARM
		{0BC5CBE9-A165-4477-853A-7D2FFB7F95BC}.Release|iPhone.ActiveCfg = Release|x64
		{0BC5CBE9-A165-4477-853A-7D2FFB7F95BC}.Release|iPhone.Build.0 = Release|x64
		{0BC5CBE9-A165-4477-853A-7D2FFB7F95BC}.Release|iPhone.Deploy.0 = Release|x64
		{0BC5CBE9-A165-4477-853A-7D2FFB7F95BC}.Release|iPhoneSimulator.ActiveCfg = Release|x64
		{0BC5CBE9-A165-4477-853A-7D2FFB7F95BC}.Release|iPhoneSimulator.Build.0 = Release|x64
		{0BC5CBE9-A165-4477-853A-7D2FFB7F95BC}.Release|iPhoneSimulator.Deploy.0 = Release|x64
		{0BC5CBE9-A165-4477-853A-7D2FFB7F95BC}.Release|x64.ActiveCfg = Release|x64
		{0BC5CBE9-A165-4477-853A-7D2FFB7F95BC}.Release|x64.Build.0 = Release|x64
		{0BC5CBE9-A165-4477-853A-7D2FFB7F95BC}.Release|x64.Deploy.0 = Release|x64
		{0BC5CBE9-A165-4477-853A-7D2FFB7F95BC}.Release|x86.ActiveCfg = Release|x86
		{0BC5CBE9-A165-4477-853A-7D2FFB7F95BC}.Release|x86.Build.0 = Release|x86
		{0BC5CBE9-A165-4477-853A-7D2FFB7F95BC}.Release|x86.Deploy.0 = Release|x86
		{E9AF28DA-891B-4449-AB33-5CBB0C18BF11}.Debug|Any CPU.ActiveCfg = Debug|Any CPU
		{E9AF28DA-891B-4449-AB33-5CBB0C18BF11}.Debug|Any CPU.Build.0 = Debug|Any CPU
		{E9AF28DA-891B-4449-AB33-5CBB0C18BF11}.Debug|Any CPU.Deploy.0 = Debug|Any CPU
		{E9AF28DA-891B-4449-AB33-5CBB0C18BF11}.Debug|ARM.ActiveCfg = Debug|Any CPU
		{E9AF28DA-891B-4449-AB33-5CBB0C18BF11}.Debug|ARM.Build.0 = Debug|Any CPU
		{E9AF28DA-891B-4449-AB33-5CBB0C18BF11}.Debug|ARM.Deploy.0 = Debug|Any CPU
		{E9AF28DA-891B-4449-AB33-5CBB0C18BF11}.Debug|iPhone.ActiveCfg = Debug|Any CPU
		{E9AF28DA-891B-4449-AB33-5CBB0C18BF11}.Debug|iPhone.Build.0 = Debug|Any CPU
		{E9AF28DA-891B-4449-AB33-5CBB0C18BF11}.Debug|iPhone.Deploy.0 = Debug|Any CPU
		{E9AF28DA-891B-4449-AB33-5CBB0C18BF11}.Debug|iPhoneSimulator.ActiveCfg = Debug|Any CPU
		{E9AF28DA-891B-4449-AB33-5CBB0C18BF11}.Debug|iPhoneSimulator.Build.0 = Debug|Any CPU
		{E9AF28DA-891B-4449-AB33-5CBB0C18BF11}.Debug|iPhoneSimulator.Deploy.0 = Debug|Any CPU
		{E9AF28DA-891B-4449-AB33-5CBB0C18BF11}.Debug|x64.ActiveCfg = Debug|Any CPU
		{E9AF28DA-891B-4449-AB33-5CBB0C18BF11}.Debug|x64.Build.0 = Debug|Any CPU
		{E9AF28DA-891B-4449-AB33-5CBB0C18BF11}.Debug|x64.Deploy.0 = Debug|Any CPU
		{E9AF28DA-891B-4449-AB33-5CBB0C18BF11}.Debug|x86.ActiveCfg = Debug|Any CPU
		{E9AF28DA-891B-4449-AB33-5CBB0C18BF11}.Debug|x86.Build.0 = Debug|Any CPU
		{E9AF28DA-891B-4449-AB33-5CBB0C18BF11}.Debug|x86.Deploy.0 = Debug|Any CPU
		{E9AF28DA-891B-4449-AB33-5CBB0C18BF11}.Release|Any CPU.ActiveCfg = Release|Any CPU
		{E9AF28DA-891B-4449-AB33-5CBB0C18BF11}.Release|Any CPU.Build.0 = Release|Any CPU
		{E9AF28DA-891B-4449-AB33-5CBB0C18BF11}.Release|Any CPU.Deploy.0 = Release|Any CPU
		{E9AF28DA-891B-4449-AB33-5CBB0C18BF11}.Release|ARM.ActiveCfg = Release|Any CPU
		{E9AF28DA-891B-4449-AB33-5CBB0C18BF11}.Release|ARM.Build.0 = Release|Any CPU
		{E9AF28DA-891B-4449-AB33-5CBB0C18BF11}.Release|ARM.Deploy.0 = Release|Any CPU
		{E9AF28DA-891B-4449-AB33-5CBB0C18BF11}.Release|iPhone.ActiveCfg = Release|Any CPU
		{E9AF28DA-891B-4449-AB33-5CBB0C18BF11}.Release|iPhone.Build.0 = Release|Any CPU
		{E9AF28DA-891B-4449-AB33-5CBB0C18BF11}.Release|iPhone.Deploy.0 = Release|Any CPU
		{E9AF28DA-891B-4449-AB33-5CBB0C18BF11}.Release|iPhoneSimulator.ActiveCfg = Release|Any CPU
		{E9AF28DA-891B-4449-AB33-5CBB0C18BF11}.Release|iPhoneSimulator.Build.0 = Release|Any CPU
		{E9AF28DA-891B-4449-AB33-5CBB0C18BF11}.Release|iPhoneSimulator.Deploy.0 = Release|Any CPU
		{E9AF28DA-891B-4449-AB33-5CBB0C18BF11}.Release|x64.ActiveCfg = Release|Any CPU
		{E9AF28DA-891B-4449-AB33-5CBB0C18BF11}.Release|x64.Build.0 = Release|Any CPU
		{E9AF28DA-891B-4449-AB33-5CBB0C18BF11}.Release|x64.Deploy.0 = Release|Any CPU
		{E9AF28DA-891B-4449-AB33-5CBB0C18BF11}.Release|x86.ActiveCfg = Release|Any CPU
		{E9AF28DA-891B-4449-AB33-5CBB0C18BF11}.Release|x86.Build.0 = Release|Any CPU
		{E9AF28DA-891B-4449-AB33-5CBB0C18BF11}.Release|x86.Deploy.0 = Release|Any CPU
		{F8696844-95D8-47EB-B919-BDD4B01BBA35}.Debug|Any CPU.ActiveCfg = Debug|iPhoneSimulator
		{F8696844-95D8-47EB-B919-BDD4B01BBA35}.Debug|Any CPU.Build.0 = Debug|iPhoneSimulator
		{F8696844-95D8-47EB-B919-BDD4B01BBA35}.Debug|Any CPU.Deploy.0 = Debug|iPhoneSimulator
		{F8696844-95D8-47EB-B919-BDD4B01BBA35}.Debug|ARM.ActiveCfg = Debug|iPhoneSimulator
		{F8696844-95D8-47EB-B919-BDD4B01BBA35}.Debug|ARM.Build.0 = Debug|iPhoneSimulator
		{F8696844-95D8-47EB-B919-BDD4B01BBA35}.Debug|ARM.Deploy.0 = Debug|iPhoneSimulator
		{F8696844-95D8-47EB-B919-BDD4B01BBA35}.Debug|iPhone.ActiveCfg = Debug|iPhone
		{F8696844-95D8-47EB-B919-BDD4B01BBA35}.Debug|iPhone.Build.0 = Debug|iPhone
		{F8696844-95D8-47EB-B919-BDD4B01BBA35}.Debug|iPhone.Deploy.0 = Debug|iPhone
		{F8696844-95D8-47EB-B919-BDD4B01BBA35}.Debug|iPhoneSimulator.ActiveCfg = Debug|iPhoneSimulator
		{F8696844-95D8-47EB-B919-BDD4B01BBA35}.Debug|iPhoneSimulator.Build.0 = Debug|iPhoneSimulator
		{F8696844-95D8-47EB-B919-BDD4B01BBA35}.Debug|iPhoneSimulator.Deploy.0 = Debug|iPhoneSimulator
		{F8696844-95D8-47EB-B919-BDD4B01BBA35}.Debug|x64.ActiveCfg = Debug|iPhone
		{F8696844-95D8-47EB-B919-BDD4B01BBA35}.Debug|x64.Build.0 = Debug|iPhone
		{F8696844-95D8-47EB-B919-BDD4B01BBA35}.Debug|x64.Deploy.0 = Debug|iPhone
		{F8696844-95D8-47EB-B919-BDD4B01BBA35}.Debug|x86.ActiveCfg = Debug|iPhoneSimulator
		{F8696844-95D8-47EB-B919-BDD4B01BBA35}.Debug|x86.Build.0 = Debug|iPhoneSimulator
		{F8696844-95D8-47EB-B919-BDD4B01BBA35}.Debug|x86.Deploy.0 = Debug|iPhoneSimulator
		{F8696844-95D8-47EB-B919-BDD4B01BBA35}.Release|Any CPU.ActiveCfg = Release|iPhoneSimulator
		{F8696844-95D8-47EB-B919-BDD4B01BBA35}.Release|Any CPU.Build.0 = Release|iPhoneSimulator
		{F8696844-95D8-47EB-B919-BDD4B01BBA35}.Release|Any CPU.Deploy.0 = Release|iPhoneSimulator
		{F8696844-95D8-47EB-B919-BDD4B01BBA35}.Release|ARM.ActiveCfg = Release|iPhoneSimulator
		{F8696844-95D8-47EB-B919-BDD4B01BBA35}.Release|ARM.Build.0 = Release|iPhoneSimulator
		{F8696844-95D8-47EB-B919-BDD4B01BBA35}.Release|ARM.Deploy.0 = Release|iPhoneSimulator
		{F8696844-95D8-47EB-B919-BDD4B01BBA35}.Release|iPhone.ActiveCfg = Release|iPhone
		{F8696844-95D8-47EB-B919-BDD4B01BBA35}.Release|iPhone.Build.0 = Release|iPhone
		{F8696844-95D8-47EB-B919-BDD4B01BBA35}.Release|iPhone.Deploy.0 = Release|iPhone
		{F8696844-95D8-47EB-B919-BDD4B01BBA35}.Release|iPhoneSimulator.ActiveCfg = Release|iPhoneSimulator
		{F8696844-95D8-47EB-B919-BDD4B01BBA35}.Release|iPhoneSimulator.Build.0 = Release|iPhoneSimulator
		{F8696844-95D8-47EB-B919-BDD4B01BBA35}.Release|iPhoneSimulator.Deploy.0 = Release|iPhoneSimulator
		{F8696844-95D8-47EB-B919-BDD4B01BBA35}.Release|x64.ActiveCfg = Release|iPhoneSimulator
		{F8696844-95D8-47EB-B919-BDD4B01BBA35}.Release|x64.Build.0 = Release|iPhoneSimulator
		{F8696844-95D8-47EB-B919-BDD4B01BBA35}.Release|x64.Deploy.0 = Release|iPhoneSimulator
		{F8696844-95D8-47EB-B919-BDD4B01BBA35}.Release|x86.ActiveCfg = Release|iPhoneSimulator
		{F8696844-95D8-47EB-B919-BDD4B01BBA35}.Release|x86.Build.0 = Release|iPhoneSimulator
		{F8696844-95D8-47EB-B919-BDD4B01BBA35}.Release|x86.Deploy.0 = Release|iPhoneSimulator
		{A2D1C309-C0C0-41A9-809A-E4BB90EA3671}.Debug|Any CPU.ActiveCfg = Debug|Any CPU
		{A2D1C309-C0C0-41A9-809A-E4BB90EA3671}.Debug|Any CPU.Build.0 = Debug|Any CPU
		{A2D1C309-C0C0-41A9-809A-E4BB90EA3671}.Debug|Any CPU.Deploy.0 = Debug|Any CPU
		{A2D1C309-C0C0-41A9-809A-E4BB90EA3671}.Debug|ARM.ActiveCfg = Debug|Any CPU
		{A2D1C309-C0C0-41A9-809A-E4BB90EA3671}.Debug|ARM.Build.0 = Debug|Any CPU
		{A2D1C309-C0C0-41A9-809A-E4BB90EA3671}.Debug|ARM.Deploy.0 = Debug|Any CPU
		{A2D1C309-C0C0-41A9-809A-E4BB90EA3671}.Debug|iPhone.ActiveCfg = Debug|Any CPU
		{A2D1C309-C0C0-41A9-809A-E4BB90EA3671}.Debug|iPhone.Build.0 = Debug|Any CPU
		{A2D1C309-C0C0-41A9-809A-E4BB90EA3671}.Debug|iPhone.Deploy.0 = Debug|Any CPU
		{A2D1C309-C0C0-41A9-809A-E4BB90EA3671}.Debug|iPhoneSimulator.ActiveCfg = Debug|Any CPU
		{A2D1C309-C0C0-41A9-809A-E4BB90EA3671}.Debug|iPhoneSimulator.Build.0 = Debug|Any CPU
		{A2D1C309-C0C0-41A9-809A-E4BB90EA3671}.Debug|iPhoneSimulator.Deploy.0 = Debug|Any CPU
		{A2D1C309-C0C0-41A9-809A-E4BB90EA3671}.Debug|x64.ActiveCfg = Debug|Any CPU
		{A2D1C309-C0C0-41A9-809A-E4BB90EA3671}.Debug|x64.Build.0 = Debug|Any CPU
		{A2D1C309-C0C0-41A9-809A-E4BB90EA3671}.Debug|x64.Deploy.0 = Debug|Any CPU
		{A2D1C309-C0C0-41A9-809A-E4BB90EA3671}.Debug|x86.ActiveCfg = Debug|Any CPU
		{A2D1C309-C0C0-41A9-809A-E4BB90EA3671}.Debug|x86.Build.0 = Debug|Any CPU
		{A2D1C309-C0C0-41A9-809A-E4BB90EA3671}.Debug|x86.Deploy.0 = Debug|Any CPU
		{A2D1C309-C0C0-41A9-809A-E4BB90EA3671}.Release|Any CPU.ActiveCfg = Release|Any CPU
		{A2D1C309-C0C0-41A9-809A-E4BB90EA3671}.Release|Any CPU.Build.0 = Release|Any CPU
		{A2D1C309-C0C0-41A9-809A-E4BB90EA3671}.Release|Any CPU.Deploy.0 = Release|Any CPU
		{A2D1C309-C0C0-41A9-809A-E4BB90EA3671}.Release|ARM.ActiveCfg = Release|Any CPU
		{A2D1C309-C0C0-41A9-809A-E4BB90EA3671}.Release|ARM.Build.0 = Release|Any CPU
		{A2D1C309-C0C0-41A9-809A-E4BB90EA3671}.Release|ARM.Deploy.0 = Release|Any CPU
		{A2D1C309-C0C0-41A9-809A-E4BB90EA3671}.Release|iPhone.ActiveCfg = Release|Any CPU
		{A2D1C309-C0C0-41A9-809A-E4BB90EA3671}.Release|iPhone.Build.0 = Release|Any CPU
		{A2D1C309-C0C0-41A9-809A-E4BB90EA3671}.Release|iPhone.Deploy.0 = Release|Any CPU
		{A2D1C309-C0C0-41A9-809A-E4BB90EA3671}.Release|iPhoneSimulator.ActiveCfg = Release|Any CPU
		{A2D1C309-C0C0-41A9-809A-E4BB90EA3671}.Release|iPhoneSimulator.Build.0 = Release|Any CPU
		{A2D1C309-C0C0-41A9-809A-E4BB90EA3671}.Release|iPhoneSimulator.Deploy.0 = Release|Any CPU
		{A2D1C309-C0C0-41A9-809A-E4BB90EA3671}.Release|x64.ActiveCfg = Release|Any CPU
		{A2D1C309-C0C0-41A9-809A-E4BB90EA3671}.Release|x64.Build.0 = Release|Any CPU
		{A2D1C309-C0C0-41A9-809A-E4BB90EA3671}.Release|x64.Deploy.0 = Release|Any CPU
		{A2D1C309-C0C0-41A9-809A-E4BB90EA3671}.Release|x86.ActiveCfg = Release|Any CPU
		{A2D1C309-C0C0-41A9-809A-E4BB90EA3671}.Release|x86.Build.0 = Release|Any CPU
		{A2D1C309-C0C0-41A9-809A-E4BB90EA3671}.Release|x86.Deploy.0 = Release|Any CPU
	EndGlobalSection
	GlobalSection(SolutionProperties) = preSolution
		HideSolutionNode = FALSE
	EndGlobalSection
	GlobalSection(ExtensibilityGlobals) = postSolution
		SolutionGuid = {C28DD750-9B67-44F0-952B-BA98E25716F4}
	EndGlobalSection
EndGlobal
